<?xml version="1.0" encoding="UTF-8"?>
<Scheme
   LastUpgradeVersion = "0600"
   version = "1.3">
   <BuildAction
      parallelizeBuildables = "YES"
      buildImplicitDependencies = "YES">
      <BuildActionEntries>
         <BuildActionEntry
            buildForTesting = "YES"
            buildForRunning = "YES"
            buildForProfiling = "YES"
            buildForArchiving = "YES"
            buildForAnalyzing = "YES">
            <BuildableReference
               BuildableIdentifier = "primary"
               BlueprintIdentifier = "E4B69B5A0A3A1756003C02F2"
               BuildableName = "orgb.app"
               BlueprintName = "orgb"
               ReferencedContainer = "container:orgb.xcodeproj">
            </BuildableReference>
         </BuildActionEntry>
      </BuildActionEntries>
   </BuildAction>
   <TestAction
      buildConfiguration = "Debug"
      selectedDebuggerIdentifier = "Xcode.DebuggerFoundation.Debugger.LLDB"
      selectedLauncherIdentifier = "Xcode.DebuggerFoundation.Launcher.LLDB"
      shouldUseLaunchSchemeArgsEnv = "YES">
      <MacroExpansion>
         <BuildableReference
            BuildableIdentifier = "primary"
            BlueprintIdentifier = "E4B69B5A0A3A1756003C02F2"
            BuildableName = "orgb.app"
            BlueprintName = "orgb"
            ReferencedContainer = "container:orgb.xcodeproj">
         </BuildableReference>
      </MacroExpansion>
      <Testables>
      </Testables>
   </TestAction>
   <LaunchAction
      buildConfiguration = "Debug"
      selectedDebuggerIdentifier = "Xcode.DebuggerFoundation.Debugger.LLDB"
      selectedLauncherIdentifier = "Xcode.DebuggerFoundation.Launcher.LLDB"
      launchStyle = "0"
      useCustomWorkingDirectory = "NO"
      ignoresPersistentStateOnLaunch = "NO"
      debugDocumentVersioning = "NO"
      debugServiceExtension = "internal"
      allowLocationSimulation = "YES">
      <BuildableProductRunnable
         runnableDebuggingMode = "0">
         <BuildableReference
            BuildableIdentifier = "primary"
            BlueprintIdentifier = "E4B69B5A0A3A1756003C02F2"
            BuildableName = "orgb.app"
            BlueprintName = "orgb"
            ReferencedContainer = "container:orgb.xcodeproj">
         </BuildableReference>
      </BuildableProductRunnable>
      <EnvironmentVariables>
         <EnvironmentVariable
            key = "MOSQUITTO_USER"
            value = "gomezchamberlain"
            isEnabled = "YES">
         </EnvironmentVariable>
         <EnvironmentVariable
            key = "SHOW_LOGO_FOR_SECONDS"
            value = "30"
            isEnabled = "YES">
         </EnvironmentVariable>
         <EnvironmentVariable
            key = "SYSTEM_HOSTNAME"
            value = "matrix-10"
            isEnabled = "YES">
         </EnvironmentVariable>
         <EnvironmentVariable
            key = "NOTE_DEBUG"
            value = "yas"
            isEnabled = "NO">
         </EnvironmentVariable>
         <EnvironmentVariable
            key = "OFW_LOG_LEVEL"
            value = "OF_LOG_VERBOSE"
            isEnabled = "YES">
         </EnvironmentVariable>
         <EnvironmentVariable
            key = "EXIT_AFTER_FRAMES"
            value = "400"
            isEnabled = "NO">
         </EnvironmentVariable>
         <EnvironmentVariable
            key = "OFW_LOG_LEVEL_WARN_ON_SLOW"
            value = "OF_LOG_ERROR"
            isEnabled = "YES">
         </EnvironmentVariable>
         <EnvironmentVariable
            key = "MOSQUITTO_PASSWORD"
            value = "liv3s-y0lkeD-evade-tack"
            isEnabled = "YES">
         </EnvironmentVariable>
         <EnvironmentVariable
            key = "MOSQUITTO_HOST"
            value = "portal-2"
            isEnabled = "YES">
         </EnvironmentVariable>
         <EnvironmentVariable
            key = "MOSQUITTO_CLIENT_ID"
            value = "mbpr"
            isEnabled = "YES">
         </EnvironmentVariable>
         <EnvironmentVariable
            key = "SHOW_WEBSITE"
            value = "true"
            isEnabled = "YES">
         </EnvironmentVariable>
      </EnvironmentVariables>
   </LaunchAction>
   <ProfileAction
      buildConfiguration = "Debug"
      shouldUseLaunchSchemeArgsEnv = "YES"
      savedToolIdentifier = ""
      useCustomWorkingDirectory = "NO"
      debugDocumentVersioning = "NO">
      <BuildableProductRunnable
         runnableDebuggingMode = "0">
         <BuildableReference
            BuildableIdentifier = "primary"
            BlueprintIdentifier = "E4B69B5A0A3A1756003C02F2"
            BuildableName = "orgb.app"
            BlueprintName = "orgb"
            ReferencedContainer = "container:orgb.xcodeproj">
         </BuildableReference>
      </BuildableProductRunnable>
   </ProfileAction>
   <AnalyzeAction
      buildConfiguration = "Debug">
   </AnalyzeAction>
   <ArchiveAction
      buildConfiguration = "Debug"
      revealArchiveInOrganizer = "YES">
   </ArchiveAction>
</Scheme>
